// !$*UTF8*$!
{
	archiveVersion = 1;
	classes = {
	};
	objectVersion = 46;
	objects = {

/* Begin PBXBuildFile section */
		4C1A400C164EE38200C2D2EF /* UIKit.framework in Frameworks */ = {isa = PBXBuildFile; fileRef = 4C1A400B164EE38200C2D2EF /* UIKit.framework */; };
		4C1A400E164EE38200C2D2EF /* Foundation.framework in Frameworks */ = {isa = PBXBuildFile; fileRef = 4C1A400D164EE38200C2D2EF /* Foundation.framework */; };
		4C1A4010164EE38200C2D2EF /* CoreGraphics.framework in Frameworks */ = {isa = PBXBuildFile; fileRef = 4C1A400F164EE38200C2D2EF /* CoreGraphics.framework */; };
		4C1A4016164EE38200C2D2EF /* InfoPlist.strings in Resources */ = {isa = PBXBuildFile; fileRef = 4C1A4014164EE38200C2D2EF /* InfoPlist.strings */; };
		4C1A4018164EE38200C2D2EF /* main.m in Sources */ = {isa = PBXBuildFile; fileRef = 4C1A4017164EE38200C2D2EF /* main.m */; };
		4C1A401C164EE38200C2D2EF /* AppDelegate.m in Sources */ = {isa = PBXBuildFile; fileRef = 4C1A401B164EE38200C2D2EF /* AppDelegate.m */; };
		4C1A401E164EE38200C2D2EF /* Default.png in Resources */ = {isa = PBXBuildFile; fileRef = 4C1A401D164EE38200C2D2EF /* Default.png */; };
		4C1A4020164EE38200C2D2EF /* Default@2x.png in Resources */ = {isa = PBXBuildFile; fileRef = 4C1A401F164EE38200C2D2EF /* Default@2x.png */; };
		4C1A4022164EE38200C2D2EF /* Default-568h@2x.png in Resources */ = {isa = PBXBuildFile; fileRef = 4C1A4021164EE38200C2D2EF /* Default-568h@2x.png */; };
		4C3BB675164EE81400F35125 /* ListViewController.m in Sources */ = {isa = PBXBuildFile; fileRef = 4C3BB674164EE81400F35125 /* ListViewController.m */; };
		4C97135C164EE4320095410A /* AFHTTPClient.m in Sources */ = {isa = PBXBuildFile; fileRef = 4C97134A164EE4320095410A /* AFHTTPClient.m */; };
		4C97135D164EE4320095410A /* AFHTTPRequestOperation.m in Sources */ = {isa = PBXBuildFile; fileRef = 4C97134C164EE4320095410A /* AFHTTPRequestOperation.m */; };
		4C97135E164EE4320095410A /* AFImageRequestOperation.m in Sources */ = {isa = PBXBuildFile; fileRef = 4C97134E164EE4320095410A /* AFImageRequestOperation.m */; };
		4C97135F164EE4320095410A /* AFJSONRequestOperation.m in Sources */ = {isa = PBXBuildFile; fileRef = 4C971350164EE4320095410A /* AFJSONRequestOperation.m */; };
		4C971360164EE4320095410A /* AFNetworkActivityIndicatorManager.m in Sources */ = {isa = PBXBuildFile; fileRef = 4C971352164EE4320095410A /* AFNetworkActivityIndicatorManager.m */; };
		4C971361164EE4320095410A /* AFPropertyListRequestOperation.m in Sources */ = {isa = PBXBuildFile; fileRef = 4C971355164EE4320095410A /* AFPropertyListRequestOperation.m */; };
		4C971362164EE4320095410A /* AFURLConnectionOperation.m in Sources */ = {isa = PBXBuildFile; fileRef = 4C971357164EE4320095410A /* AFURLConnectionOperation.m */; };
		4C971363164EE4320095410A /* AFXMLRequestOperation.m in Sources */ = {isa = PBXBuildFile; fileRef = 4C971359164EE4320095410A /* AFXMLRequestOperation.m */; };
		4C971364164EE4320095410A /* UIImageView+AFNetworking.m in Sources */ = {isa = PBXBuildFile; fileRef = 4C97135B164EE4320095410A /* UIImageView+AFNetworking.m */; };
		4CAFC1C9164EF07000714D90 /* CoreLocation.framework in Frameworks */ = {isa = PBXBuildFile; fileRef = 4CAFC1C8164EF07000714D90 /* CoreLocation.framework */; };
		4CAFC1CB164EF7F500714D90 /* DataProvider.m in Sources */ = {isa = PBXBuildFile; fileRef = 4CA5DDB4164EE3A0005E2658 /* DataProvider.m */; };
		4CAFC1CF164F1F3500714D90 /* RestaurantViewController.m in Sources */ = {isa = PBXBuildFile; fileRef = 4CAFC1CD164F1F3500714D90 /* RestaurantViewController.m */; };
		4CAFC1D0164F1F3500714D90 /* RestaurantViewController.xib in Resources */ = {isa = PBXBuildFile; fileRef = 4CAFC1CE164F1F3500714D90 /* RestaurantViewController.xib */; };
		4CAFC1D2164F236D00714D90 /* MapKit.framework in Frameworks */ = {isa = PBXBuildFile; fileRef = 4CAFC1D1164F236D00714D90 /* MapKit.framework */; };
		4CAFC1D9164F2F5C00714D90 /* AddressAnnotation.m in Sources */ = {isa = PBXBuildFile; fileRef = 4CAFC1D8164F2F5C00714D90 /* AddressAnnotation.m */; };
		4CC67416164EE3D400609958 /* MobileCoreServices.framework in Frameworks */ = {isa = PBXBuildFile; fileRef = 4CC67415164EE3D400609958 /* MobileCoreServices.framework */; };
		4CC67418164EE3DA00609958 /* SystemConfiguration.framework in Frameworks */ = {isa = PBXBuildFile; fileRef = 4CC67417164EE3D900609958 /* SystemConfiguration.framework */; };
		4CED20E3164F992F005A6E6B /* black@2x.png in Resources */ = {isa = PBXBuildFile; fileRef = 4CED20E1164F992F005A6E6B /* black@2x.png */; };
		4CED20E4164F992F005A6E6B /* overlay@2x.png in Resources */ = {isa = PBXBuildFile; fileRef = 4CED20E2164F992F005A6E6B /* overlay@2x.png */; };
		4CED20EC164FA390005A6E6B /* stars1@2x.png in Resources */ = {isa = PBXBuildFile; fileRef = 4CED20E7164FA390005A6E6B /* stars1@2x.png */; };
		4CED20ED164FA390005A6E6B /* stars2@2x.png in Resources */ = {isa = PBXBuildFile; fileRef = 4CED20E8164FA390005A6E6B /* stars2@2x.png */; };
		4CED20EE164FA390005A6E6B /* stars3@2x.png in Resources */ = {isa = PBXBuildFile; fileRef = 4CED20E9164FA390005A6E6B /* stars3@2x.png */; };
		4CED20EF164FA390005A6E6B /* stars4@2x.png in Resources */ = {isa = PBXBuildFile; fileRef = 4CED20EA164FA390005A6E6B /* stars4@2x.png */; };
		4CED20F0164FA390005A6E6B /* stars5@2x.png in Resources */ = {isa = PBXBuildFile; fileRef = 4CED20EB164FA390005A6E6B /* stars5@2x.png */; };
		4CED2156164FAB56005A6E6B /* back-button.png in Resources */ = {isa = PBXBuildFile; fileRef = 4CED20FB164FAB55005A6E6B /* back-button.png */; };
		4CED2157164FAB56005A6E6B /* back-button@2x.png in Resources */ = {isa = PBXBuildFile; fileRef = 4CED20FC164FAB55005A6E6B /* back-button@2x.png */; };
		4CED2158164FAB56005A6E6B /* button-pressed.png in Resources */ = {isa = PBXBuildFile; fileRef = 4CED20FD164FAB55005A6E6B /* button-pressed.png */; };
		4CED2159164FAB56005A6E6B /* button-pressed@2x.png in Resources */ = {isa = PBXBuildFile; fileRef = 4CED20FE164FAB55005A6E6B /* button-pressed@2x.png */; };
		4CED215A164FAB56005A6E6B /* button.png in Resources */ = {isa = PBXBuildFile; fileRef = 4CED20FF164FAB55005A6E6B /* button.png */; };
		4CED215B164FAB56005A6E6B /* button@2x.png in Resources */ = {isa = PBXBuildFile; fileRef = 4CED2100164FAB55005A6E6B /* button@2x.png */; };
		4CED215C164FAB56005A6E6B /* chats.png in Resources */ = {isa = PBXBuildFile; fileRef = 4CED2101164FAB55005A6E6B /* chats.png */; };
		4CED215D164FAB56005A6E6B /* chats@2x.png in Resources */ = {isa = PBXBuildFile; fileRef = 4CED2102164FAB55005A6E6B /* chats@2x.png */; };
		4CED215E164FAB56005A6E6B /* country.png in Resources */ = {isa = PBXBuildFile; fileRef = 4CED2103164FAB55005A6E6B /* country.png */; };
		4CED215F164FAB56005A6E6B /* country@2x.png in Resources */ = {isa = PBXBuildFile; fileRef = 4CED2104164FAB55005A6E6B /* country@2x.png */; };
		4CED2160164FAB56005A6E6B /* details-photo-mask.png in Resources */ = {isa = PBXBuildFile; fileRef = 4CED2105164FAB55005A6E6B /* details-photo-mask.png */; };
		4CED2161164FAB56005A6E6B /* details-photo-mask@2x.png in Resources */ = {isa = PBXBuildFile; fileRef = 4CED2106164FAB55005A6E6B /* details-photo-mask@2x.png */; };
		4CED2162164FAB56005A6E6B /* dish-beef.jpg in Resources */ = {isa = PBXBuildFile; fileRef = 4CED2107164FAB55005A6E6B /* dish-beef.jpg */; };
		4CED2163164FAB56005A6E6B /* dish-bolognese.jpg in Resources */ = {isa = PBXBuildFile; fileRef = 4CED2108164FAB55005A6E6B /* dish-bolognese.jpg */; };
		4CED2164164FAB56005A6E6B /* dish-carbonara.jpg in Resources */ = {isa = PBXBuildFile; fileRef = 4CED2109164FAB55005A6E6B /* dish-carbonara.jpg */; };
		4CED2165164FAB56005A6E6B /* dish-fajitas.jpg in Resources */ = {isa = PBXBuildFile; fileRef = 4CED210A164FAB55005A6E6B /* dish-fajitas.jpg */; };
		4CED2166164FAB56005A6E6B /* food-large.jpg in Resources */ = {isa = PBXBuildFile; fileRef = 4CED210B164FAB55005A6E6B /* food-large.jpg */; };
		4CED2167164FAB56005A6E6B /* food.jpg in Resources */ = {isa = PBXBuildFile; fileRef = 4CED210C164FAB55005A6E6B /* food.jpg */; };
		4CED2168164FAB56005A6E6B /* friends.png in Resources */ = {isa = PBXBuildFile; fileRef = 4CED210D164FAB55005A6E6B /* friends.png */; };
		4CED2169164FAB56005A6E6B /* friends@2x.png in Resources */ = {isa = PBXBuildFile; fileRef = 4CED210E164FAB55005A6E6B /* friends@2x.png */; };
		4CED216A164FAB56005A6E6B /* icon.png in Resources */ = {isa = PBXBuildFile; fileRef = 4CED210F164FAB55005A6E6B /* icon.png */; };
		4CED216B164FAB56005A6E6B /* icon1.png in Resources */ = {isa = PBXBuildFile; fileRef = 4CED2110164FAB55005A6E6B /* icon1.png */; };
		4CED216C164FAB56005A6E6B /* icon1@2x.png in Resources */ = {isa = PBXBuildFile; fileRef = 4CED2111164FAB55005A6E6B /* icon1@2x.png */; };
		4CED216D164FAB56005A6E6B /* icon2.png in Resources */ = {isa = PBXBuildFile; fileRef = 4CED2112164FAB55005A6E6B /* icon2.png */; };
		4CED216E164FAB56005A6E6B /* icon2@2x.png in Resources */ = {isa = PBXBuildFile; fileRef = 4CED2113164FAB55005A6E6B /* icon2@2x.png */; };
		4CED216F164FAB56005A6E6B /* icon3.png in Resources */ = {isa = PBXBuildFile; fileRef = 4CED2114164FAB55005A6E6B /* icon3.png */; };
		4CED2170164FAB56005A6E6B /* icon3@2x.png in Resources */ = {isa = PBXBuildFile; fileRef = 4CED2115164FAB55005A6E6B /* icon3@2x.png */; };
		4CED2171164FAB56005A6E6B /* icon@2x.png in Resources */ = {isa = PBXBuildFile; fileRef = 4CED2116164FAB55005A6E6B /* icon@2x.png */; };
		4CED2172164FAB56005A6E6B /* ingredients-list.png in Resources */ = {isa = PBXBuildFile; fileRef = 4CED2117164FAB55005A6E6B /* ingredients-list.png */; };
		4CED2173164FAB56005A6E6B /* ingredients-list@2x.png in Resources */ = {isa = PBXBuildFile; fileRef = 4CED2118164FAB55005A6E6B /* ingredients-list@2x.png */; };
		4CED2174164FAB56005A6E6B /* input-text.png in Resources */ = {isa = PBXBuildFile; fileRef = 4CED2119164FAB55005A6E6B /* input-text.png */; };
		4CED2175164FAB56005A6E6B /* input-text@2x.png in Resources */ = {isa = PBXBuildFile; fileRef = 4CED211A164FAB55005A6E6B /* input-text@2x.png */; };
		4CED2176164FAB56005A6E6B /* ipad-back.png in Resources */ = {isa = PBXBuildFile; fileRef = 4CED211B164FAB55005A6E6B /* ipad-back.png */; };
		4CED2177164FAB56005A6E6B /* ipad-back@2x.png in Resources */ = {isa = PBXBuildFile; fileRef = 4CED211C164FAB55005A6E6B /* ipad-back@2x.png */; };
		4CED2178164FAB56005A6E6B /* ipad-BG.png in Resources */ = {isa = PBXBuildFile; fileRef = 4CED211D164FAB55005A6E6B /* ipad-BG.png */; };
		4CED2179164FAB56005A6E6B /* ipad-BG@2x.png in Resources */ = {isa = PBXBuildFile; fileRef = 4CED211E164FAB55005A6E6B /* ipad-BG@2x.png */; };
		4CED217A164FAB56005A6E6B /* ipad-bullet.png in Resources */ = {isa = PBXBuildFile; fileRef = 4CED211F164FAB55005A6E6B /* ipad-bullet.png */; };
		4CED217B164FAB56005A6E6B /* ipad-bullet@2x.png in Resources */ = {isa = PBXBuildFile; fileRef = 4CED2120164FAB55005A6E6B /* ipad-bullet@2x.png */; };
		4CED217C164FAB56005A6E6B /* ipad-dotted-pattern.png in Resources */ = {isa = PBXBuildFile; fileRef = 4CED2121164FAB55005A6E6B /* ipad-dotted-pattern.png */; };
		4CED217D164FAB56005A6E6B /* ipad-dotted-pattern@2x.png in Resources */ = {isa = PBXBuildFile; fileRef = 4CED2122164FAB55005A6E6B /* ipad-dotted-pattern@2x.png */; };
		4CED217E164FAB56005A6E6B /* ipad-image-mask.png in Resources */ = {isa = PBXBuildFile; fileRef = 4CED2123164FAB55005A6E6B /* ipad-image-mask.png */; };
		4CED217F164FAB56005A6E6B /* ipad-image-mask@2x.png in Resources */ = {isa = PBXBuildFile; fileRef = 4CED2124164FAB55005A6E6B /* ipad-image-mask@2x.png */; };
		4CED2180164FAB56005A6E6B /* ipad-main-window-bg.png in Resources */ = {isa = PBXBuildFile; fileRef = 4CED2125164FAB55005A6E6B /* ipad-main-window-bg.png */; };
		4CED2181164FAB56005A6E6B /* ipad-main-window-bg@2x.png in Resources */ = {isa = PBXBuildFile; fileRef = 4CED2126164FAB55005A6E6B /* ipad-main-window-bg@2x.png */; };
		4CED2182164FAB56005A6E6B /* ipad-menu-count-selected.png in Resources */ = {isa = PBXBuildFile; fileRef = 4CED2127164FAB55005A6E6B /* ipad-menu-count-selected.png */; };
		4CED2183164FAB56005A6E6B /* ipad-menu-count-selected@2x.png in Resources */ = {isa = PBXBuildFile; fileRef = 4CED2128164FAB55005A6E6B /* ipad-menu-count-selected@2x.png */; };
		4CED2184164FAB56005A6E6B /* ipad-menu-count.png in Resources */ = {isa = PBXBuildFile; fileRef = 4CED2129164FAB55005A6E6B /* ipad-menu-count.png */; };
		4CED2185164FAB56005A6E6B /* ipad-menu-count@2x.png in Resources */ = {isa = PBXBuildFile; fileRef = 4CED212A164FAB55005A6E6B /* ipad-menu-count@2x.png */; };
		4CED2186164FAB56005A6E6B /* ipad-menu-item-selected.png in Resources */ = {isa = PBXBuildFile; fileRef = 4CED212B164FAB55005A6E6B /* ipad-menu-item-selected.png */; };
		4CED2187164FAB56005A6E6B /* ipad-menu-item-selected@2x.png in Resources */ = {isa = PBXBuildFile; fileRef = 4CED212C164FAB55005A6E6B /* ipad-menu-item-selected@2x.png */; };
		4CED2188164FAB56005A6E6B /* ipad-menu-item.png in Resources */ = {isa = PBXBuildFile; fileRef = 4CED212D164FAB55005A6E6B /* ipad-menu-item.png */; };
		4CED2189164FAB56005A6E6B /* ipad-menu-item@2x.png in Resources */ = {isa = PBXBuildFile; fileRef = 4CED212E164FAB55005A6E6B /* ipad-menu-item@2x.png */; };
		4CED218A164FAB56005A6E6B /* ipad-menubar-left.png in Resources */ = {isa = PBXBuildFile; fileRef = 4CED212F164FAB55005A6E6B /* ipad-menubar-left.png */; };
		4CED218B164FAB56005A6E6B /* ipad-menubar-left@2x.png in Resources */ = {isa = PBXBuildFile; fileRef = 4CED2130164FAB55005A6E6B /* ipad-menubar-left@2x.png */; };
		4CED218C164FAB56005A6E6B /* ipad-menubar-right.png in Resources */ = {isa = PBXBuildFile; fileRef = 4CED2131164FAB55005A6E6B /* ipad-menubar-right.png */; };
		4CED218D164FAB56005A6E6B /* ipad-menubar-right@2x.png in Resources */ = {isa = PBXBuildFile; fileRef = 4CED2132164FAB55005A6E6B /* ipad-menubar-right@2x.png */; };
		4CED218E164FAB56005A6E6B /* ipad-tabbar-left.png in Resources */ = {isa = PBXBuildFile; fileRef = 4CED2133164FAB55005A6E6B /* ipad-tabbar-left.png */; };
		4CED218F164FAB56005A6E6B /* ipad-tabbar-left@2x.png in Resources */ = {isa = PBXBuildFile; fileRef = 4CED2134164FAB55005A6E6B /* ipad-tabbar-left@2x.png */; };
		4CED2190164FAB56005A6E6B /* ipad-tabbar-right.png in Resources */ = {isa = PBXBuildFile; fileRef = 4CED2135164FAB55005A6E6B /* ipad-tabbar-right.png */; };
		4CED2191164FAB56005A6E6B /* ipad-tabbar-right@2x.png in Resources */ = {isa = PBXBuildFile; fileRef = 4CED2136164FAB55005A6E6B /* ipad-tabbar-right@2x.png */; };
		4CED2192164FAB56005A6E6B /* leather-background-568h@2x.png in Resources */ = {isa = PBXBuildFile; fileRef = 4CED2137164FAB55005A6E6B /* leather-background-568h@2x.png */; };
		4CED2193164FAB56005A6E6B /* leather-background.png in Resources */ = {isa = PBXBuildFile; fileRef = 4CED2138164FAB55005A6E6B /* leather-background.png */; };
		4CED2194164FAB56005A6E6B /* leather-background@2x.png in Resources */ = {isa = PBXBuildFile; fileRef = 4CED2139164FAB55005A6E6B /* leather-background@2x.png */; };
		4CED2195164FAB56005A6E6B /* list-item.png in Resources */ = {isa = PBXBuildFile; fileRef = 4CED213A164FAB55005A6E6B /* list-item.png */; };
		4CED2196164FAB56005A6E6B /* list-item@2x.png in Resources */ = {isa = PBXBuildFile; fileRef = 4CED213B164FAB55005A6E6B /* list-item@2x.png */; };
		4CED2197164FAB56005A6E6B /* list-mask.png in Resources */ = {isa = PBXBuildFile; fileRef = 4CED213C164FAB55005A6E6B /* list-mask.png */; };
		4CED2198164FAB56005A6E6B /* list-mask@2x.png in Resources */ = {isa = PBXBuildFile; fileRef = 4CED213D164FAB55005A6E6B /* list-mask@2x.png */; };
		4CED2199164FAB56005A6E6B /* navbar-icon.png in Resources */ = {isa = PBXBuildFile; fileRef = 4CED213E164FAB55005A6E6B /* navbar-icon.png */; };
		4CED219A164FAB56005A6E6B /* navbar-icon@2x.png in Resources */ = {isa = PBXBuildFile; fileRef = 4CED213F164FAB55005A6E6B /* navbar-icon@2x.png */; };
		4CED219B164FAB56005A6E6B /* navbar.png in Resources */ = {isa = PBXBuildFile; fileRef = 4CED2140164FAB55005A6E6B /* navbar.png */; };
		4CED219C164FAB56005A6E6B /* navbar@2x.png in Resources */ = {isa = PBXBuildFile; fileRef = 4CED2141164FAB55005A6E6B /* navbar@2x.png */; };
		4CED219D164FAB56005A6E6B /* settings.png in Resources */ = {isa = PBXBuildFile; fileRef = 4CED2142164FAB55005A6E6B /* settings.png */; };
		4CED219E164FAB56005A6E6B /* settings@2x.png in Resources */ = {isa = PBXBuildFile; fileRef = 4CED2143164FAB55005A6E6B /* settings@2x.png */; };
		4CED219F164FAB56005A6E6B /* slider-cap.png in Resources */ = {isa = PBXBuildFile; fileRef = 4CED2144164FAB55005A6E6B /* slider-cap.png */; };
		4CED21A0164FAB56005A6E6B /* slider-cap@2x.png in Resources */ = {isa = PBXBuildFile; fileRef = 4CED2145164FAB55005A6E6B /* slider-cap@2x.png */; };
		4CED21A1164FAB56005A6E6B /* slider-track-fill.png in Resources */ = {isa = PBXBuildFile; fileRef = 4CED2146164FAB55005A6E6B /* slider-track-fill.png */; };
		4CED21A2164FAB56005A6E6B /* slider-track-fill@2x.png in Resources */ = {isa = PBXBuildFile; fileRef = 4CED2147164FAB55005A6E6B /* slider-track-fill@2x.png */; };
		4CED21A3164FAB56005A6E6B /* slider-track.png in Resources */ = {isa = PBXBuildFile; fileRef = 4CED2148164FAB55005A6E6B /* slider-track.png */; };
		4CED21A4164FAB56005A6E6B /* slider-track@2x.png in Resources */ = {isa = PBXBuildFile; fileRef = 4CED2149164FAB55005A6E6B /* slider-track@2x.png */; };
		4CED21A5164FAB56005A6E6B /* step-bullet.png in Resources */ = {isa = PBXBuildFile; fileRef = 4CED214A164FAB55005A6E6B /* step-bullet.png */; };
		4CED21A6164FAB56005A6E6B /* step-bullet@2x.png in Resources */ = {isa = PBXBuildFile; fileRef = 4CED214B164FAB55005A6E6B /* step-bullet@2x.png */; };
		4CED21A7164FAB56005A6E6B /* switch-off copy.png in Resources */ = {isa = PBXBuildFile; fileRef = 4CED214C164FAB55005A6E6B /* switch-off copy.png */; };
		4CED21A8164FAB56005A6E6B /* switch-off@2x.png in Resources */ = {isa = PBXBuildFile; fileRef = 4CED214D164FAB55005A6E6B /* switch-off@2x.png */; };
		4CED21A9164FAB56005A6E6B /* switch-on copy.png in Resources */ = {isa = PBXBuildFile; fileRef = 4CED214E164FAB55005A6E6B /* switch-on copy.png */; };
		4CED21AA164FAB56005A6E6B /* switch-on@2x.png in Resources */ = {isa = PBXBuildFile; fileRef = 4CED214F164FAB55005A6E6B /* switch-on@2x.png */; };
		4CED21AB164FAB56005A6E6B /* tabbar-item.png in Resources */ = {isa = PBXBuildFile; fileRef = 4CED2150164FAB55005A6E6B /* tabbar-item.png */; };
		4CED21AC164FAB56005A6E6B /* tabbar-item@2x.png in Resources */ = {isa = PBXBuildFile; fileRef = 4CED2151164FAB55005A6E6B /* tabbar-item@2x.png */; };
		4CED21AD164FAB56005A6E6B /* tabbar.png in Resources */ = {isa = PBXBuildFile; fileRef = 4CED2152164FAB55005A6E6B /* tabbar.png */; };
		4CED21AE164FAB56005A6E6B /* tabbar@2x.png in Resources */ = {isa = PBXBuildFile; fileRef = 4CED2153164FAB55005A6E6B /* tabbar@2x.png */; };
		4CED21AF164FAB56005A6E6B /* time.png in Resources */ = {isa = PBXBuildFile; fileRef = 4CED2154164FAB55005A6E6B /* time.png */; };
		4CED21B0164FAB56005A6E6B /* time@2x.png in Resources */ = {isa = PBXBuildFile; fileRef = 4CED2155164FAB55005A6E6B /* time@2x.png */; };
		4CED21B4164FAF47005A6E6B /* UIImage+iPhone5.m in Sources */ = {isa = PBXBuildFile; fileRef = 4CED21B3164FAF47005A6E6B /* UIImage+iPhone5.m */; };
		4CED21E2164FB896005A6E6B /* second@2x.png in Resources */ = {isa = PBXBuildFile; fileRef = 4CED21E0164FB896005A6E6B /* second@2x.png */; };
		4CED21E3164FB896005A6E6B /* first@2x.png in Resources */ = {isa = PBXBuildFile; fileRef = 4CED21E1164FB896005A6E6B /* first@2x.png */; };
/* End PBXBuildFile section */

/* Begin PBXFileReference section */
		4C1A4007164EE38200C2D2EF /* Bestaurant.app */ = {isa = PBXFileReference; explicitFileType = wrapper.application; includeInIndex = 0; path = Bestaurant.app; sourceTree = BUILT_PRODUCTS_DIR; };
		4C1A400B164EE38200C2D2EF /* UIKit.framework */ = {isa = PBXFileReference; lastKnownFileType = wrapper.framework; name = UIKit.framework; path = System/Library/Frameworks/UIKit.framework; sourceTree = SDKROOT; };
		4C1A400D164EE38200C2D2EF /* Foundation.framework */ = {isa = PBXFileReference; lastKnownFileType = wrapper.framework; name = Foundation.framework; path = System/Library/Frameworks/Foundation.framework; sourceTree = SDKROOT; };
		4C1A400F164EE38200C2D2EF /* CoreGraphics.framework */ = {isa = PBXFileReference; lastKnownFileType = wrapper.framework; name = CoreGraphics.framework; path = System/Library/Frameworks/CoreGraphics.framework; sourceTree = SDKROOT; };
		4C1A4013164EE38200C2D2EF /* Bestaurant-Info.plist */ = {isa = PBXFileReference; lastKnownFileType = text.plist.xml; path = "Bestaurant-Info.plist"; sourceTree = "<group>"; };
		4C1A4015164EE38200C2D2EF /* en */ = {isa = PBXFileReference; lastKnownFileType = text.plist.strings; name = en; path = en.lproj/InfoPlist.strings; sourceTree = "<group>"; };
		4C1A4017164EE38200C2D2EF /* main.m */ = {isa = PBXFileReference; lastKnownFileType = sourcecode.c.objc; path = main.m; sourceTree = "<group>"; };
		4C1A4019164EE38200C2D2EF /* Bestaurant-Prefix.pch */ = {isa = PBXFileReference; lastKnownFileType = sourcecode.c.h; path = "Bestaurant-Prefix.pch"; sourceTree = "<group>"; };
		4C1A401A164EE38200C2D2EF /* AppDelegate.h */ = {isa = PBXFileReference; lastKnownFileType = sourcecode.c.h; path = AppDelegate.h; sourceTree = "<group>"; };
		4C1A401B164EE38200C2D2EF /* AppDelegate.m */ = {isa = PBXFileReference; lastKnownFileType = sourcecode.c.objc; path = AppDelegate.m; sourceTree = "<group>"; };
		4C1A401D164EE38200C2D2EF /* Default.png */ = {isa = PBXFileReference; lastKnownFileType = image.png; path = Default.png; sourceTree = "<group>"; };
		4C1A401F164EE38200C2D2EF /* Default@2x.png */ = {isa = PBXFileReference; lastKnownFileType = image.png; path = "Default@2x.png"; sourceTree = "<group>"; };
		4C1A4021164EE38200C2D2EF /* Default-568h@2x.png */ = {isa = PBXFileReference; lastKnownFileType = image.png; path = "Default-568h@2x.png"; sourceTree = "<group>"; };
		4C3BB673164EE81400F35125 /* ListViewController.h */ = {isa = PBXFileReference; fileEncoding = 4; lastKnownFileType = sourcecode.c.h; path = ListViewController.h; sourceTree = "<group>"; };
		4C3BB674164EE81400F35125 /* ListViewController.m */ = {isa = PBXFileReference; fileEncoding = 4; lastKnownFileType = sourcecode.c.objc; path = ListViewController.m; sourceTree = "<group>"; };
		4C971349164EE4320095410A /* AFHTTPClient.h */ = {isa = PBXFileReference; fileEncoding = 4; lastKnownFileType = sourcecode.c.h; path = AFHTTPClient.h; sourceTree = "<group>"; };
		4C97134A164EE4320095410A /* AFHTTPClient.m */ = {isa = PBXFileReference; fileEncoding = 4; lastKnownFileType = sourcecode.c.objc; path = AFHTTPClient.m; sourceTree = "<group>"; };
		4C97134B164EE4320095410A /* AFHTTPRequestOperation.h */ = {isa = PBXFileReference; fileEncoding = 4; lastKnownFileType = sourcecode.c.h; path = AFHTTPRequestOperation.h; sourceTree = "<group>"; };
		4C97134C164EE4320095410A /* AFHTTPRequestOperation.m */ = {isa = PBXFileReference; fileEncoding = 4; lastKnownFileType = sourcecode.c.objc; path = AFHTTPRequestOperation.m; sourceTree = "<group>"; };
		4C97134D164EE4320095410A /* AFImageRequestOperation.h */ = {isa = PBXFileReference; fileEncoding = 4; lastKnownFileType = sourcecode.c.h; path = AFImageRequestOperation.h; sourceTree = "<group>"; };
		4C97134E164EE4320095410A /* AFImageRequestOperation.m */ = {isa = PBXFileReference; fileEncoding = 4; lastKnownFileType = sourcecode.c.objc; path = AFImageRequestOperation.m; sourceTree = "<group>"; };
		4C97134F164EE4320095410A /* AFJSONRequestOperation.h */ = {isa = PBXFileReference; fileEncoding = 4; lastKnownFileType = sourcecode.c.h; path = AFJSONRequestOperation.h; sourceTree = "<group>"; };
		4C971350164EE4320095410A /* AFJSONRequestOperation.m */ = {isa = PBXFileReference; fileEncoding = 4; lastKnownFileType = sourcecode.c.objc; path = AFJSONRequestOperation.m; sourceTree = "<group>"; };
		4C971351164EE4320095410A /* AFNetworkActivityIndicatorManager.h */ = {isa = PBXFileReference; fileEncoding = 4; lastKnownFileType = sourcecode.c.h; path = AFNetworkActivityIndicatorManager.h; sourceTree = "<group>"; };
		4C971352164EE4320095410A /* AFNetworkActivityIndicatorManager.m */ = {isa = PBXFileReference; fileEncoding = 4; lastKnownFileType = sourcecode.c.objc; path = AFNetworkActivityIndicatorManager.m; sourceTree = "<group>"; };
		4C971353164EE4320095410A /* AFNetworking.h */ = {isa = PBXFileReference; fileEncoding = 4; lastKnownFileType = sourcecode.c.h; path = AFNetworking.h; sourceTree = "<group>"; };
		4C971354164EE4320095410A /* AFPropertyListRequestOperation.h */ = {isa = PBXFileReference; fileEncoding = 4; lastKnownFileType = sourcecode.c.h; path = AFPropertyListRequestOperation.h; sourceTree = "<group>"; };
		4C971355164EE4320095410A /* AFPropertyListRequestOperation.m */ = {isa = PBXFileReference; fileEncoding = 4; lastKnownFileType = sourcecode.c.objc; path = AFPropertyListRequestOperation.m; sourceTree = "<group>"; };
		4C971356164EE4320095410A /* AFURLConnectionOperation.h */ = {isa = PBXFileReference; fileEncoding = 4; lastKnownFileType = sourcecode.c.h; path = AFURLConnectionOperation.h; sourceTree = "<group>"; };
		4C971357164EE4320095410A /* AFURLConnectionOperation.m */ = {isa = PBXFileReference; fileEncoding = 4; lastKnownFileType = sourcecode.c.objc; path = AFURLConnectionOperation.m; sourceTree = "<group>"; };
		4C971358164EE4320095410A /* AFXMLRequestOperation.h */ = {isa = PBXFileReference; fileEncoding = 4; lastKnownFileType = sourcecode.c.h; path = AFXMLRequestOperation.h; sourceTree = "<group>"; };
		4C971359164EE4320095410A /* AFXMLRequestOperation.m */ = {isa = PBXFileReference; fileEncoding = 4; lastKnownFileType = sourcecode.c.objc; path = AFXMLRequestOperation.m; sourceTree = "<group>"; };
		4C97135A164EE4320095410A /* UIImageView+AFNetworking.h */ = {isa = PBXFileReference; fileEncoding = 4; lastKnownFileType = sourcecode.c.h; path = "UIImageView+AFNetworking.h"; sourceTree = "<group>"; };
		4C97135B164EE4320095410A /* UIImageView+AFNetworking.m */ = {isa = PBXFileReference; fileEncoding = 4; lastKnownFileType = sourcecode.c.objc; path = "UIImageView+AFNetworking.m"; sourceTree = "<group>"; };
		4CA5DDB3164EE3A0005E2658 /* DataProvider.h */ = {isa = PBXFileReference; lastKnownFileType = sourcecode.c.h; path = DataProvider.h; sourceTree = "<group>"; };
		4CA5DDB4164EE3A0005E2658 /* DataProvider.m */ = {isa = PBXFileReference; lastKnownFileType = sourcecode.c.objc; path = DataProvider.m; sourceTree = "<group>"; };
		4CAFC1C8164EF07000714D90 /* CoreLocation.framework */ = {isa = PBXFileReference; lastKnownFileType = wrapper.framework; name = CoreLocation.framework; path = System/Library/Frameworks/CoreLocation.framework; sourceTree = SDKROOT; };
		4CAFC1CC164F1F3500714D90 /* RestaurantViewController.h */ = {isa = PBXFileReference; fileEncoding = 4; lastKnownFileType = sourcecode.c.h; path = RestaurantViewController.h; sourceTree = "<group>"; };
		4CAFC1CD164F1F3500714D90 /* RestaurantViewController.m */ = {isa = PBXFileReference; fileEncoding = 4; lastKnownFileType = sourcecode.c.objc; path = RestaurantViewController.m; sourceTree = "<group>"; };
		4CAFC1CE164F1F3500714D90 /* RestaurantViewController.xib */ = {isa = PBXFileReference; fileEncoding = 4; lastKnownFileType = file.xib; path = RestaurantViewController.xib; sourceTree = "<group>"; };
		4CAFC1D1164F236D00714D90 /* MapKit.framework */ = {isa = PBXFileReference; lastKnownFileType = wrapper.framework; name = MapKit.framework; path = System/Library/Frameworks/MapKit.framework; sourceTree = SDKROOT; };
		4CAFC1D7164F2F5C00714D90 /* AddressAnnotation.h */ = {isa = PBXFileReference; fileEncoding = 4; lastKnownFileType = sourcecode.c.h; path = AddressAnnotation.h; sourceTree = "<group>"; };
		4CAFC1D8164F2F5C00714D90 /* AddressAnnotation.m */ = {isa = PBXFileReference; fileEncoding = 4; lastKnownFileType = sourcecode.c.objc; path = AddressAnnotation.m; sourceTree = "<group>"; };
		4CC67415164EE3D400609958 /* MobileCoreServices.framework */ = {isa = PBXFileReference; lastKnownFileType = wrapper.framework; name = MobileCoreServices.framework; path = System/Library/Frameworks/MobileCoreServices.framework; sourceTree = SDKROOT; };
		4CC67417164EE3D900609958 /* SystemConfiguration.framework */ = {isa = PBXFileReference; lastKnownFileType = wrapper.framework; name = SystemConfiguration.framework; path = System/Library/Frameworks/SystemConfiguration.framework; sourceTree = SDKROOT; };
		4CED20E1164F992F005A6E6B /* black@2x.png */ = {isa = PBXFileReference; lastKnownFileType = image.png; path = "black@2x.png"; sourceTree = "<group>"; };
		4CED20E2164F992F005A6E6B /* overlay@2x.png */ = {isa = PBXFileReference; lastKnownFileType = image.png; path = "overlay@2x.png"; sourceTree = "<group>"; };
		4CED20E7164FA390005A6E6B /* stars1@2x.png */ = {isa = PBXFileReference; lastKnownFileType = image.png; path = "stars1@2x.png"; sourceTree = "<group>"; };
		4CED20E8164FA390005A6E6B /* stars2@2x.png */ = {isa = PBXFileReference; lastKnownFileType = image.png; path = "stars2@2x.png"; sourceTree = "<group>"; };
		4CED20E9164FA390005A6E6B /* stars3@2x.png */ = {isa = PBXFileReference; lastKnownFileType = image.png; path = "stars3@2x.png"; sourceTree = "<group>"; };
		4CED20EA164FA390005A6E6B /* stars4@2x.png */ = {isa = PBXFileReference; lastKnownFileType = image.png; path = "stars4@2x.png"; sourceTree = "<group>"; };
		4CED20EB164FA390005A6E6B /* stars5@2x.png */ = {isa = PBXFileReference; lastKnownFileType = image.png; path = "stars5@2x.png"; sourceTree = "<group>"; };
		4CED20FB164FAB55005A6E6B /* back-button.png */ = {isa = PBXFileReference; lastKnownFileType = image.png; path = "back-button.png"; sourceTree = "<group>"; };
		4CED20FC164FAB55005A6E6B /* back-button@2x.png */ = {isa = PBXFileReference; lastKnownFileType = image.png; path = "back-button@2x.png"; sourceTree = "<group>"; };
		4CED20FD164FAB55005A6E6B /* button-pressed.png */ = {isa = PBXFileReference; lastKnownFileType = image.png; path = "button-pressed.png"; sourceTree = "<group>"; };
		4CED20FE164FAB55005A6E6B /* button-pressed@2x.png */ = {isa = PBXFileReference; lastKnownFileType = image.png; path = "button-pressed@2x.png"; sourceTree = "<group>"; };
		4CED20FF164FAB55005A6E6B /* button.png */ = {isa = PBXFileReference; lastKnownFileType = image.png; path = button.png; sourceTree = "<group>"; };
		4CED2100164FAB55005A6E6B /* button@2x.png */ = {isa = PBXFileReference; lastKnownFileType = image.png; path = "button@2x.png"; sourceTree = "<group>"; };
		4CED2101164FAB55005A6E6B /* chats.png */ = {isa = PBXFileReference; lastKnownFileType = image.png; path = chats.png; sourceTree = "<group>"; };
		4CED2102164FAB55005A6E6B /* chats@2x.png */ = {isa = PBXFileReference; lastKnownFileType = image.png; path = "chats@2x.png"; sourceTree = "<group>"; };
		4CED2103164FAB55005A6E6B /* country.png */ = {isa = PBXFileReference; lastKnownFileType = image.png; path = country.png; sourceTree = "<group>"; };
		4CED2104164FAB55005A6E6B /* country@2x.png */ = {isa = PBXFileReference; lastKnownFileType = image.png; path = "country@2x.png"; sourceTree = "<group>"; };
		4CED2105164FAB55005A6E6B /* details-photo-mask.png */ = {isa = PBXFileReference; lastKnownFileType = image.png; path = "details-photo-mask.png"; sourceTree = "<group>"; };
		4CED2106164FAB55005A6E6B /* details-photo-mask@2x.png */ = {isa = PBXFileReference; lastKnownFileType = image.png; path = "details-photo-mask@2x.png"; sourceTree = "<group>"; };
		4CED2107164FAB55005A6E6B /* dish-beef.jpg */ = {isa = PBXFileReference; lastKnownFileType = image.jpeg; path = "dish-beef.jpg"; sourceTree = "<group>"; };
		4CED2108164FAB55005A6E6B /* dish-bolognese.jpg */ = {isa = PBXFileReference; lastKnownFileType = image.jpeg; path = "dish-bolognese.jpg"; sourceTree = "<group>"; };
		4CED2109164FAB55005A6E6B /* dish-carbonara.jpg */ = {isa = PBXFileReference; lastKnownFileType = image.jpeg; path = "dish-carbonara.jpg"; sourceTree = "<group>"; };
		4CED210A164FAB55005A6E6B /* dish-fajitas.jpg */ = {isa = PBXFileReference; lastKnownFileType = image.jpeg; path = "dish-fajitas.jpg"; sourceTree = "<group>"; };
		4CED210B164FAB55005A6E6B /* food-large.jpg */ = {isa = PBXFileReference; lastKnownFileType = image.jpeg; path = "food-large.jpg"; sourceTree = "<group>"; };
		4CED210C164FAB55005A6E6B /* food.jpg */ = {isa = PBXFileReference; lastKnownFileType = image.jpeg; path = food.jpg; sourceTree = "<group>"; };
		4CED210D164FAB55005A6E6B /* friends.png */ = {isa = PBXFileReference; lastKnownFileType = image.png; path = friends.png; sourceTree = "<group>"; };
		4CED210E164FAB55005A6E6B /* friends@2x.png */ = {isa = PBXFileReference; lastKnownFileType = image.png; path = "friends@2x.png"; sourceTree = "<group>"; };
		4CED210F164FAB55005A6E6B /* icon.png */ = {isa = PBXFileReference; lastKnownFileType = image.png; path = icon.png; sourceTree = "<group>"; };
		4CED2110164FAB55005A6E6B /* icon1.png */ = {isa = PBXFileReference; lastKnownFileType = image.png; path = icon1.png; sourceTree = "<group>"; };
		4CED2111164FAB55005A6E6B /* icon1@2x.png */ = {isa = PBXFileReference; lastKnownFileType = image.png; path = "icon1@2x.png"; sourceTree = "<group>"; };
		4CED2112164FAB55005A6E6B /* icon2.png */ = {isa = PBXFileReference; lastKnownFileType = image.png; path = icon2.png; sourceTree = "<group>"; };
		4CED2113164FAB55005A6E6B /* icon2@2x.png */ = {isa = PBXFileReference; lastKnownFileType = image.png; path = "icon2@2x.png"; sourceTree = "<group>"; };
		4CED2114164FAB55005A6E6B /* icon3.png */ = {isa = PBXFileReference; lastKnownFileType = image.png; path = icon3.png; sourceTree = "<group>"; };
		4CED2115164FAB55005A6E6B /* icon3@2x.png */ = {isa = PBXFileReference; lastKnownFileType = image.png; path = "icon3@2x.png"; sourceTree = "<group>"; };
		4CED2116164FAB55005A6E6B /* icon@2x.png */ = {isa = PBXFileReference; lastKnownFileType = image.png; path = "icon@2x.png"; sourceTree = "<group>"; };
		4CED2117164FAB55005A6E6B /* ingredients-list.png */ = {isa = PBXFileReference; lastKnownFileType = image.png; path = "ingredients-list.png"; sourceTree = "<group>"; };
		4CED2118164FAB55005A6E6B /* ingredients-list@2x.png */ = {isa = PBXFileReference; lastKnownFileType = image.png; path = "ingredients-list@2x.png"; sourceTree = "<group>"; };
		4CED2119164FAB55005A6E6B /* input-text.png */ = {isa = PBXFileReference; lastKnownFileType = image.png; path = "input-text.png"; sourceTree = "<group>"; };
		4CED211A164FAB55005A6E6B /* input-text@2x.png */ = {isa = PBXFileReference; lastKnownFileType = image.png; path = "input-text@2x.png"; sourceTree = "<group>"; };
		4CED211B164FAB55005A6E6B /* ipad-back.png */ = {isa = PBXFileReference; lastKnownFileType = image.png; path = "ipad-back.png"; sourceTree = "<group>"; };
		4CED211C164FAB55005A6E6B /* ipad-back@2x.png */ = {isa = PBXFileReference; lastKnownFileType = image.png; path = "ipad-back@2x.png"; sourceTree = "<group>"; };
		4CED211D164FAB55005A6E6B /* ipad-BG.png */ = {isa = PBXFileReference; lastKnownFileType = image.png; path = "ipad-BG.png"; sourceTree = "<group>"; };
		4CED211E164FAB55005A6E6B /* ipad-BG@2x.png */ = {isa = PBXFileReference; lastKnownFileType = image.png; path = "ipad-BG@2x.png"; sourceTree = "<group>"; };
		4CED211F164FAB55005A6E6B /* ipad-bullet.png */ = {isa = PBXFileReference; lastKnownFileType = image.png; path = "ipad-bullet.png"; sourceTree = "<group>"; };
		4CED2120164FAB55005A6E6B /* ipad-bullet@2x.png */ = {isa = PBXFileReference; lastKnownFileType = image.png; path = "ipad-bullet@2x.png"; sourceTree = "<group>"; };
		4CED2121164FAB55005A6E6B /* ipad-dotted-pattern.png */ = {isa = PBXFileReference; lastKnownFileType = image.png; path = "ipad-dotted-pattern.png"; sourceTree = "<group>"; };
		4CED2122164FAB55005A6E6B /* ipad-dotted-pattern@2x.png */ = {isa = PBXFileReference; lastKnownFileType = image.png; path = "ipad-dotted-pattern@2x.png"; sourceTree = "<group>"; };
		4CED2123164FAB55005A6E6B /* ipad-image-mask.png */ = {isa = PBXFileReference; lastKnownFileType = image.png; path = "ipad-image-mask.png"; sourceTree = "<group>"; };
		4CED2124164FAB55005A6E6B /* ipad-image-mask@2x.png */ = {isa = PBXFileReference; lastKnownFileType = image.png; path = "ipad-image-mask@2x.png"; sourceTree = "<group>"; };
		4CED2125164FAB55005A6E6B /* ipad-main-window-bg.png */ = {isa = PBXFileReference; lastKnownFileType = image.png; path = "ipad-main-window-bg.png"; sourceTree = "<group>"; };
		4CED2126164FAB55005A6E6B /* ipad-main-window-bg@2x.png */ = {isa = PBXFileReference; lastKnownFileType = image.png; path = "ipad-main-window-bg@2x.png"; sourceTree = "<group>"; };
		4CED2127164FAB55005A6E6B /* ipad-menu-count-selected.png */ = {isa = PBXFileReference; lastKnownFileType = image.png; path = "ipad-menu-count-selected.png"; sourceTree = "<group>"; };
		4CED2128164FAB55005A6E6B /* ipad-menu-count-selected@2x.png */ = {isa = PBXFileReference; lastKnownFileType = image.png; path = "ipad-menu-count-selected@2x.png"; sourceTree = "<group>"; };
		4CED2129164FAB55005A6E6B /* ipad-menu-count.png */ = {isa = PBXFileReference; lastKnownFileType = image.png; path = "ipad-menu-count.png"; sourceTree = "<group>"; };
		4CED212A164FAB55005A6E6B /* ipad-menu-count@2x.png */ = {isa = PBXFileReference; lastKnownFileType = image.png; path = "ipad-menu-count@2x.png"; sourceTree = "<group>"; };
		4CED212B164FAB55005A6E6B /* ipad-menu-item-selected.png */ = {isa = PBXFileReference; lastKnownFileType = image.png; path = "ipad-menu-item-selected.png"; sourceTree = "<group>"; };
		4CED212C164FAB55005A6E6B /* ipad-menu-item-selected@2x.png */ = {isa = PBXFileReference; lastKnownFileType = image.png; path = "ipad-menu-item-selected@2x.png"; sourceTree = "<group>"; };
		4CED212D164FAB55005A6E6B /* ipad-menu-item.png */ = {isa = PBXFileReference; lastKnownFileType = image.png; path = "ipad-menu-item.png"; sourceTree = "<group>"; };
		4CED212E164FAB55005A6E6B /* ipad-menu-item@2x.png */ = {isa = PBXFileReference; lastKnownFileType = image.png; path = "ipad-menu-item@2x.png"; sourceTree = "<group>"; };
		4CED212F164FAB55005A6E6B /* ipad-menubar-left.png */ = {isa = PBXFileReference; lastKnownFileType = image.png; path = "ipad-menubar-left.png"; sourceTree = "<group>"; };
		4CED2130164FAB55005A6E6B /* ipad-menubar-left@2x.png */ = {isa = PBXFileReference; lastKnownFileType = image.png; path = "ipad-menubar-left@2x.png"; sourceTree = "<group>"; };
		4CED2131164FAB55005A6E6B /* ipad-menubar-right.png */ = {isa = PBXFileReference; lastKnownFileType = image.png; path = "ipad-menubar-right.png"; sourceTree = "<group>"; };
		4CED2132164FAB55005A6E6B /* ipad-menubar-right@2x.png */ = {isa = PBXFileReference; lastKnownFileType = image.png; path = "ipad-menubar-right@2x.png"; sourceTree = "<group>"; };
		4CED2133164FAB55005A6E6B /* ipad-tabbar-left.png */ = {isa = PBXFileReference; lastKnownFileType = image.png; path = "ipad-tabbar-left.png"; sourceTree = "<group>"; };
		4CED2134164FAB55005A6E6B /* ipad-tabbar-left@2x.png */ = {isa = PBXFileReference; lastKnownFileType = image.png; path = "ipad-tabbar-left@2x.png"; sourceTree = "<group>"; };
		4CED2135164FAB55005A6E6B /* ipad-tabbar-right.png */ = {isa = PBXFileReference; lastKnownFileType = image.png; path = "ipad-tabbar-right.png"; sourceTree = "<group>"; };
		4CED2136164FAB55005A6E6B /* ipad-tabbar-right@2x.png */ = {isa = PBXFileReference; lastKnownFileType = image.png; path = "ipad-tabbar-right@2x.png"; sourceTree = "<group>"; };
		4CED2137164FAB55005A6E6B /* leather-background-568h@2x.png */ = {isa = PBXFileReference; lastKnownFileType = image.png; path = "leather-background-568h@2x.png"; sourceTree = "<group>"; };
		4CED2138164FAB55005A6E6B /* leather-background.png */ = {isa = PBXFileReference; lastKnownFileType = image.png; path = "leather-background.png"; sourceTree = "<group>"; };
		4CED2139164FAB55005A6E6B /* leather-background@2x.png */ = {isa = PBXFileReference; lastKnownFileType = image.png; path = "leather-background@2x.png"; sourceTree = "<group>"; };
		4CED213A164FAB55005A6E6B /* list-item.png */ = {isa = PBXFileReference; lastKnownFileType = image.png; path = "list-item.png"; sourceTree = "<group>"; };
		4CED213B164FAB55005A6E6B /* list-item@2x.png */ = {isa = PBXFileReference; lastKnownFileType = image.png; path = "list-item@2x.png"; sourceTree = "<group>"; };
		4CED213C164FAB55005A6E6B /* list-mask.png */ = {isa = PBXFileReference; lastKnownFileType = image.png; path = "list-mask.png"; sourceTree = "<group>"; };
		4CED213D164FAB55005A6E6B /* list-mask@2x.png */ = {isa = PBXFileReference; lastKnownFileType = image.png; path = "list-mask@2x.png"; sourceTree = "<group>"; };
		4CED213E164FAB55005A6E6B /* navbar-icon.png */ = {isa = PBXFileReference; lastKnownFileType = image.png; path = "navbar-icon.png"; sourceTree = "<group>"; };
		4CED213F164FAB55005A6E6B /* navbar-icon@2x.png */ = {isa = PBXFileReference; lastKnownFileType = image.png; path = "navbar-icon@2x.png"; sourceTree = "<group>"; };
		4CED2140164FAB55005A6E6B /* navbar.png */ = {isa = PBXFileReference; lastKnownFileType = image.png; path = navbar.png; sourceTree = "<group>"; };
		4CED2141164FAB55005A6E6B /* navbar@2x.png */ = {isa = PBXFileReference; lastKnownFileType = image.png; path = "navbar@2x.png"; sourceTree = "<group>"; };
		4CED2142164FAB55005A6E6B /* settings.png */ = {isa = PBXFileReference; lastKnownFileType = image.png; path = settings.png; sourceTree = "<group>"; };
		4CED2143164FAB55005A6E6B /* settings@2x.png */ = {isa = PBXFileReference; lastKnownFileType = image.png; path = "settings@2x.png"; sourceTree = "<group>"; };
		4CED2144164FAB55005A6E6B /* slider-cap.png */ = {isa = PBXFileReference; lastKnownFileType = image.png; path = "slider-cap.png"; sourceTree = "<group>"; };
		4CED2145164FAB55005A6E6B /* slider-cap@2x.png */ = {isa = PBXFileReference; lastKnownFileType = image.png; path = "slider-cap@2x.png"; sourceTree = "<group>"; };
		4CED2146164FAB55005A6E6B /* slider-track-fill.png */ = {isa = PBXFileReference; lastKnownFileType = image.png; path = "slider-track-fill.png"; sourceTree = "<group>"; };
		4CED2147164FAB55005A6E6B /* slider-track-fill@2x.png */ = {isa = PBXFileReference; lastKnownFileType = image.png; path = "slider-track-fill@2x.png"; sourceTree = "<group>"; };
		4CED2148164FAB55005A6E6B /* slider-track.png */ = {isa = PBXFileReference; lastKnownFileType = image.png; path = "slider-track.png"; sourceTree = "<group>"; };
		4CED2149164FAB55005A6E6B /* slider-track@2x.png */ = {isa = PBXFileReference; lastKnownFileType = image.png; path = "slider-track@2x.png"; sourceTree = "<group>"; };
		4CED214A164FAB55005A6E6B /* step-bullet.png */ = {isa = PBXFileReference; lastKnownFileType = image.png; path = "step-bullet.png"; sourceTree = "<group>"; };
		4CED214B164FAB55005A6E6B /* step-bullet@2x.png */ = {isa = PBXFileReference; lastKnownFileType = image.png; path = "step-bullet@2x.png"; sourceTree = "<group>"; };
		4CED214C164FAB55005A6E6B /* switch-off copy.png */ = {isa = PBXFileReference; lastKnownFileType = image.png; path = "switch-off copy.png"; sourceTree = "<group>"; };
		4CED214D164FAB55005A6E6B /* switch-off@2x.png */ = {isa = PBXFileReference; lastKnownFileType = image.png; path = "switch-off@2x.png"; sourceTree = "<group>"; };
		4CED214E164FAB55005A6E6B /* switch-on copy.png */ = {isa = PBXFileReference; lastKnownFileType = image.png; path = "switch-on copy.png"; sourceTree = "<group>"; };
		4CED214F164FAB55005A6E6B /* switch-on@2x.png */ = {isa = PBXFileReference; lastKnownFileType = image.png; path = "switch-on@2x.png"; sourceTree = "<group>"; };
		4CED2150164FAB55005A6E6B /* tabbar-item.png */ = {isa = PBXFileReference; lastKnownFileType = image.png; path = "tabbar-item.png"; sourceTree = "<group>"; };
		4CED2151164FAB55005A6E6B /* tabbar-item@2x.png */ = {isa = PBXFileReference; lastKnownFileType = image.png; path = "tabbar-item@2x.png"; sourceTree = "<group>"; };
		4CED2152164FAB55005A6E6B /* tabbar.png */ = {isa = PBXFileReference; lastKnownFileType = image.png; path = tabbar.png; sourceTree = "<group>"; };
		4CED2153164FAB55005A6E6B /* tabbar@2x.png */ = {isa = PBXFileReference; lastKnownFileType = image.png; path = "tabbar@2x.png"; sourceTree = "<group>"; };
		4CED2154164FAB55005A6E6B /* time.png */ = {isa = PBXFileReference; lastKnownFileType = image.png; path = time.png; sourceTree = "<group>"; };
		4CED2155164FAB55005A6E6B /* time@2x.png */ = {isa = PBXFileReference; lastKnownFileType = image.png; path = "time@2x.png"; sourceTree = "<group>"; };
		4CED21B2164FAF47005A6E6B /* UIImage+iPhone5.h */ = {isa = PBXFileReference; fileEncoding = 4; lastKnownFileType = sourcecode.c.h; path = "UIImage+iPhone5.h"; sourceTree = "<group>"; };
		4CED21B3164FAF47005A6E6B /* UIImage+iPhone5.m */ = {isa = PBXFileReference; fileEncoding = 4; lastKnownFileType = sourcecode.c.objc; path = "UIImage+iPhone5.m"; sourceTree = "<group>"; };
		4CED21E0164FB896005A6E6B /* second@2x.png */ = {isa = PBXFileReference; lastKnownFileType = image.png; path = "second@2x.png"; sourceTree = "<group>"; };
		4CED21E1164FB896005A6E6B /* first@2x.png */ = {isa = PBXFileReference; lastKnownFileType = image.png; path = "first@2x.png"; sourceTree = "<group>"; };
/* End PBXFileReference section */

/* Begin PBXFrameworksBuildPhase section */
		4C1A4004164EE38200C2D2EF /* Frameworks */ = {
			isa = PBXFrameworksBuildPhase;
			buildActionMask = 2147483647;
			files = (
				4CAFC1D2164F236D00714D90 /* MapKit.framework in Frameworks */,
				4CAFC1C9164EF07000714D90 /* CoreLocation.framework in Frameworks */,
				4CC67418164EE3DA00609958 /* SystemConfiguration.framework in Frameworks */,
				4CC67416164EE3D400609958 /* MobileCoreServices.framework in Frameworks */,
				4C1A400C164EE38200C2D2EF /* UIKit.framework in Frameworks */,
				4C1A400E164EE38200C2D2EF /* Foundation.framework in Frameworks */,
				4C1A4010164EE38200C2D2EF /* CoreGraphics.framework in Frameworks */,
			);
			runOnlyForDeploymentPostprocessing = 0;
		};
/* End PBXFrameworksBuildPhase section */

/* Begin PBXGroup section */
		4C1A3FFC164EE38200C2D2EF = {
			isa = PBXGroup;
			children = (
				4CAFC1D1164F236D00714D90 /* MapKit.framework */,
				4CAFC1C8164EF07000714D90 /* CoreLocation.framework */,
				4CC67417164EE3D900609958 /* SystemConfiguration.framework */,
				4CC67415164EE3D400609958 /* MobileCoreServices.framework */,
				4C1A4011164EE38200C2D2EF /* Bestaurant */,
				4C1A400A164EE38200C2D2EF /* Frameworks */,
				4C1A4008164EE38200C2D2EF /* Products */,
			);
			sourceTree = "<group>";
		};
		4C1A4008164EE38200C2D2EF /* Products */ = {
			isa = PBXGroup;
			children = (
				4C1A4007164EE38200C2D2EF /* Bestaurant.app */,
			);
			name = Products;
			sourceTree = "<group>";
		};
		4C1A400A164EE38200C2D2EF /* Frameworks */ = {
			isa = PBXGroup;
			children = (
				4C1A400B164EE38200C2D2EF /* UIKit.framework */,
				4C1A400D164EE38200C2D2EF /* Foundation.framework */,
				4C1A400F164EE38200C2D2EF /* CoreGraphics.framework */,
			);
			name = Frameworks;
			sourceTree = "<group>";
		};
		4C1A4011164EE38200C2D2EF /* Bestaurant */ = {
			isa = PBXGroup;
			children = (
				4CED21B2164FAF47005A6E6B /* UIImage+iPhone5.h */,
				4CED21B3164FAF47005A6E6B /* UIImage+iPhone5.m */,
				4CED20FA164FAB55005A6E6B /* Resources */,
				4C971348164EE42B0095410A /* AFNetworking */,
				4CA5DDB3164EE3A0005E2658 /* DataProvider.h */,
				4CA5DDB4164EE3A0005E2658 /* DataProvider.m */,
				4C1A401A164EE38200C2D2EF /* AppDelegate.h */,
				4C1A401B164EE38200C2D2EF /* AppDelegate.m */,
				4CED21E0164FB896005A6E6B /* second@2x.png */,
				4CED21E1164FB896005A6E6B /* first@2x.png */,
				4CED20E1164F992F005A6E6B /* black@2x.png */,
				4CED20E2164F992F005A6E6B /* overlay@2x.png */,
				4CED20E7164FA390005A6E6B /* stars1@2x.png */,
				4CED20E8164FA390005A6E6B /* stars2@2x.png */,
				4CED20E9164FA390005A6E6B /* stars3@2x.png */,
				4CED20EA164FA390005A6E6B /* stars4@2x.png */,
				4CED20EB164FA390005A6E6B /* stars5@2x.png */,
				4C1A4012164EE38200C2D2EF /* Supporting Files */,
				4C3BB673164EE81400F35125 /* ListViewController.h */,
				4C3BB674164EE81400F35125 /* ListViewController.m */,
				4CAFC1CC164F1F3500714D90 /* RestaurantViewController.h */,
				4CAFC1CD164F1F3500714D90 /* RestaurantViewController.m */,
				4CAFC1CE164F1F3500714D90 /* RestaurantViewController.xib */,
				4CAFC1D7164F2F5C00714D90 /* AddressAnnotation.h */,
				4CAFC1D8164F2F5C00714D90 /* AddressAnnotation.m */,
			);
			path = Bestaurant;
			sourceTree = "<group>";
		};
		4C1A4012164EE38200C2D2EF /* Supporting Files */ = {
			isa = PBXGroup;
			children = (
				4C1A4013164EE38200C2D2EF /* Bestaurant-Info.plist */,
				4C1A4014164EE38200C2D2EF /* InfoPlist.strings */,
				4C1A4017164EE38200C2D2EF /* main.m */,
				4C1A4019164EE38200C2D2EF /* Bestaurant-Prefix.pch */,
				4C1A401D164EE38200C2D2EF /* Default.png */,
				4C1A401F164EE38200C2D2EF /* Default@2x.png */,
				4C1A4021164EE38200C2D2EF /* Default-568h@2x.png */,
			);
			name = "Supporting Files";
			sourceTree = "<group>";
		};
		4C971348164EE42B0095410A /* AFNetworking */ = {
			isa = PBXGroup;
			children = (
				4C971349164EE4320095410A /* AFHTTPClient.h */,
				4C97134A164EE4320095410A /* AFHTTPClient.m */,
				4C97134B164EE4320095410A /* AFHTTPRequestOperation.h */,
				4C97134C164EE4320095410A /* AFHTTPRequestOperation.m */,
				4C97134D164EE4320095410A /* AFImageRequestOperation.h */,
				4C97134E164EE4320095410A /* AFImageRequestOperation.m */,
				4C97134F164EE4320095410A /* AFJSONRequestOperation.h */,
				4C971350164EE4320095410A /* AFJSONRequestOperation.m */,
				4C971351164EE4320095410A /* AFNetworkActivityIndicatorManager.h */,
				4C971352164EE4320095410A /* AFNetworkActivityIndicatorManager.m */,
				4C971353164EE4320095410A /* AFNetworking.h */,
				4C971354164EE4320095410A /* AFPropertyListRequestOperation.h */,
				4C971355164EE4320095410A /* AFPropertyListRequestOperation.m */,
				4C971356164EE4320095410A /* AFURLConnectionOperation.h */,
				4C971357164EE4320095410A /* AFURLConnectionOperation.m */,
				4C971358164EE4320095410A /* AFXMLRequestOperation.h */,
				4C971359164EE4320095410A /* AFXMLRequestOperation.m */,
				4C97135A164EE4320095410A /* UIImageView+AFNetworking.h */,
				4C97135B164EE4320095410A /* UIImageView+AFNetworking.m */,
			);
			name = AFNetworking;
			sourceTree = "<group>";
		};
		4CED20FA164FAB55005A6E6B /* Resources */ = {
			isa = PBXGroup;
			children = (
				4CED20FB164FAB55005A6E6B /* back-button.png */,
				4CED20FC164FAB55005A6E6B /* back-button@2x.png */,
				4CED20FD164FAB55005A6E6B /* button-pressed.png */,
				4CED20FE164FAB55005A6E6B /* button-pressed@2x.png */,
				4CED20FF164FAB55005A6E6B /* button.png */,
				4CED2100164FAB55005A6E6B /* button@2x.png */,
				4CED2101164FAB55005A6E6B /* chats.png */,
				4CED2102164FAB55005A6E6B /* chats@2x.png */,
				4CED2103164FAB55005A6E6B /* country.png */,
				4CED2104164FAB55005A6E6B /* country@2x.png */,
				4CED2105164FAB55005A6E6B /* details-photo-mask.png */,
				4CED2106164FAB55005A6E6B /* details-photo-mask@2x.png */,
				4CED2107164FAB55005A6E6B /* dish-beef.jpg */,
				4CED2108164FAB55005A6E6B /* dish-bolognese.jpg */,
				4CED2109164FAB55005A6E6B /* dish-carbonara.jpg */,
				4CED210A164FAB55005A6E6B /* dish-fajitas.jpg */,
				4CED210B164FAB55005A6E6B /* food-large.jpg */,
				4CED210C164FAB55005A6E6B /* food.jpg */,
				4CED210D164FAB55005A6E6B /* friends.png */,
				4CED210E164FAB55005A6E6B /* friends@2x.png */,
				4CED210F164FAB55005A6E6B /* icon.png */,
				4CED2110164FAB55005A6E6B /* icon1.png */,
				4CED2111164FAB55005A6E6B /* icon1@2x.png */,
				4CED2112164FAB55005A6E6B /* icon2.png */,
				4CED2113164FAB55005A6E6B /* icon2@2x.png */,
				4CED2114164FAB55005A6E6B /* icon3.png */,
				4CED2115164FAB55005A6E6B /* icon3@2x.png */,
				4CED2116164FAB55005A6E6B /* icon@2x.png */,
				4CED2117164FAB55005A6E6B /* ingredients-list.png */,
				4CED2118164FAB55005A6E6B /* ingredients-list@2x.png */,
				4CED2119164FAB55005A6E6B /* input-text.png */,
				4CED211A164FAB55005A6E6B /* input-text@2x.png */,
				4CED211B164FAB55005A6E6B /* ipad-back.png */,
				4CED211C164FAB55005A6E6B /* ipad-back@2x.png */,
				4CED211D164FAB55005A6E6B /* ipad-BG.png */,
				4CED211E164FAB55005A6E6B /* ipad-BG@2x.png */,
				4CED211F164FAB55005A6E6B /* ipad-bullet.png */,
				4CED2120164FAB55005A6E6B /* ipad-bullet@2x.png */,
				4CED2121164FAB55005A6E6B /* ipad-dotted-pattern.png */,
				4CED2122164FAB55005A6E6B /* ipad-dotted-pattern@2x.png */,
				4CED2123164FAB55005A6E6B /* ipad-image-mask.png */,
				4CED2124164FAB55005A6E6B /* ipad-image-mask@2x.png */,
				4CED2125164FAB55005A6E6B /* ipad-main-window-bg.png */,
				4CED2126164FAB55005A6E6B /* ipad-main-window-bg@2x.png */,
				4CED2127164FAB55005A6E6B /* ipad-menu-count-selected.png */,
				4CED2128164FAB55005A6E6B /* ipad-menu-count-selected@2x.png */,
				4CED2129164FAB55005A6E6B /* ipad-menu-count.png */,
				4CED212A164FAB55005A6E6B /* ipad-menu-count@2x.png */,
				4CED212B164FAB55005A6E6B /* ipad-menu-item-selected.png */,
				4CED212C164FAB55005A6E6B /* ipad-menu-item-selected@2x.png */,
				4CED212D164FAB55005A6E6B /* ipad-menu-item.png */,
				4CED212E164FAB55005A6E6B /* ipad-menu-item@2x.png */,
				4CED212F164FAB55005A6E6B /* ipad-menubar-left.png */,
				4CED2130164FAB55005A6E6B /* ipad-menubar-left@2x.png */,
				4CED2131164FAB55005A6E6B /* ipad-menubar-right.png */,
				4CED2132164FAB55005A6E6B /* ipad-menubar-right@2x.png */,
				4CED2133164FAB55005A6E6B /* ipad-tabbar-left.png */,
				4CED2134164FAB55005A6E6B /* ipad-tabbar-left@2x.png */,
				4CED2135164FAB55005A6E6B /* ipad-tabbar-right.png */,
				4CED2136164FAB55005A6E6B /* ipad-tabbar-right@2x.png */,
				4CED2137164FAB55005A6E6B /* leather-background-568h@2x.png */,
				4CED2138164FAB55005A6E6B /* leather-background.png */,
				4CED2139164FAB55005A6E6B /* leather-background@2x.png */,
				4CED213A164FAB55005A6E6B /* list-item.png */,
				4CED213B164FAB55005A6E6B /* list-item@2x.png */,
				4CED213C164FAB55005A6E6B /* list-mask.png */,
				4CED213D164FAB55005A6E6B /* list-mask@2x.png */,
				4CED213E164FAB55005A6E6B /* navbar-icon.png */,
				4CED213F164FAB55005A6E6B /* navbar-icon@2x.png */,
				4CED2140164FAB55005A6E6B /* navbar.png */,
				4CED2141164FAB55005A6E6B /* navbar@2x.png */,
				4CED2142164FAB55005A6E6B /* settings.png */,
				4CED2143164FAB55005A6E6B /* settings@2x.png */,
				4CED2144164FAB55005A6E6B /* slider-cap.png */,
				4CED2145164FAB55005A6E6B /* slider-cap@2x.png */,
				4CED2146164FAB55005A6E6B /* slider-track-fill.png */,
				4CED2147164FAB55005A6E6B /* slider-track-fill@2x.png */,
				4CED2148164FAB55005A6E6B /* slider-track.png */,
				4CED2149164FAB55005A6E6B /* slider-track@2x.png */,
				4CED214A164FAB55005A6E6B /* step-bullet.png */,
				4CED214B164FAB55005A6E6B /* step-bullet@2x.png */,
				4CED214C164FAB55005A6E6B /* switch-off copy.png */,
				4CED214D164FAB55005A6E6B /* switch-off@2x.png */,
				4CED214E164FAB55005A6E6B /* switch-on copy.png */,
				4CED214F164FAB55005A6E6B /* switch-on@2x.png */,
				4CED2150164FAB55005A6E6B /* tabbar-item.png */,
				4CED2151164FAB55005A6E6B /* tabbar-item@2x.png */,
				4CED2152164FAB55005A6E6B /* tabbar.png */,
				4CED2153164FAB55005A6E6B /* tabbar@2x.png */,
				4CED2154164FAB55005A6E6B /* time.png */,
				4CED2155164FAB55005A6E6B /* time@2x.png */,
			);
			path = Resources;
			sourceTree = "<group>";
		};
/* End PBXGroup section */

/* Begin PBXNativeTarget section */
		4C1A4006164EE38200C2D2EF /* Bestaurant */ = {
			isa = PBXNativeTarget;
			buildConfigurationList = 4C1A4039164EE38200C2D2EF /* Build configuration list for PBXNativeTarget "Bestaurant" */;
			buildPhases = (
				4C1A4003164EE38200C2D2EF /* Sources */,
				4C1A4004164EE38200C2D2EF /* Frameworks */,
				4C1A4005164EE38200C2D2EF /* Resources */,
			);
			buildRules = (
			);
			dependencies = (
			);
			name = Bestaurant;
			productName = Bestaurant;
			productReference = 4C1A4007164EE38200C2D2EF /* Bestaurant.app */;
			productType = "com.apple.product-type.application";
		};
/* End PBXNativeTarget section */

/* Begin PBXProject section */
		4C1A3FFE164EE38200C2D2EF /* Project object */ = {
			isa = PBXProject;
			attributes = {
				LastUpgradeCheck = 0450;
			};
			buildConfigurationList = 4C1A4001164EE38200C2D2EF /* Build configuration list for PBXProject "Bestaurant" */;
			compatibilityVersion = "Xcode 3.2";
			developmentRegion = English;
			hasScannedForEncodings = 0;
			knownRegions = (
				en,
			);
			mainGroup = 4C1A3FFC164EE38200C2D2EF;
			productRefGroup = 4C1A4008164EE38200C2D2EF /* Products */;
			projectDirPath = "";
			projectRoot = "";
			targets = (
				4C1A4006164EE38200C2D2EF /* Bestaurant */,
			);
		};
/* End PBXProject section */

/* Begin PBXResourcesBuildPhase section */
		4C1A4005164EE38200C2D2EF /* Resources */ = {
			isa = PBXResourcesBuildPhase;
			buildActionMask = 2147483647;
			files = (
				4C1A4016164EE38200C2D2EF /* InfoPlist.strings in Resources */,
				4C1A401E164EE38200C2D2EF /* Default.png in Resources */,
				4C1A4020164EE38200C2D2EF /* Default@2x.png in Resources */,
				4C1A4022164EE38200C2D2EF /* Default-568h@2x.png in Resources */,
				4CAFC1D0164F1F3500714D90 /* RestaurantViewController.xib in Resources */,
				4CED20E3164F992F005A6E6B /* black@2x.png in Resources */,
				4CED20E4164F992F005A6E6B /* overlay@2x.png in Resources */,
				4CED20EC164FA390005A6E6B /* stars1@2x.png in Resources */,
				4CED20ED164FA390005A6E6B /* stars2@2x.png in Resources */,
				4CED20EE164FA390005A6E6B /* stars3@2x.png in Resources */,
				4CED20EF164FA390005A6E6B /* stars4@2x.png in Resources */,
				4CED20F0164FA390005A6E6B /* stars5@2x.png in Resources */,
				4CED2156164FAB56005A6E6B /* back-button.png in Resources */,
				4CED2157164FAB56005A6E6B /* back-button@2x.png in Resources */,
				4CED2158164FAB56005A6E6B /* button-pressed.png in Resources */,
				4CED2159164FAB56005A6E6B /* button-pressed@2x.png in Resources */,
				4CED215A164FAB56005A6E6B /* button.png in Resources */,
				4CED215B164FAB56005A6E6B /* button@2x.png in Resources */,
				4CED215C164FAB56005A6E6B /* chats.png in Resources */,
				4CED215D164FAB56005A6E6B /* chats@2x.png in Resources */,
				4CED215E164FAB56005A6E6B /* country.png in Resources */,
				4CED215F164FAB56005A6E6B /* country@2x.png in Resources */,
				4CED2160164FAB56005A6E6B /* details-photo-mask.png in Resources */,
				4CED2161164FAB56005A6E6B /* details-photo-mask@2x.png in Resources */,
				4CED2162164FAB56005A6E6B /* dish-beef.jpg in Resources */,
				4CED2163164FAB56005A6E6B /* dish-bolognese.jpg in Resources */,
				4CED2164164FAB56005A6E6B /* dish-carbonara.jpg in Resources */,
				4CED2165164FAB56005A6E6B /* dish-fajitas.jpg in Resources */,
				4CED2166164FAB56005A6E6B /* food-large.jpg in Resources */,
				4CED2167164FAB56005A6E6B /* food.jpg in Resources */,
				4CED2168164FAB56005A6E6B /* friends.png in Resources */,
				4CED2169164FAB56005A6E6B /* friends@2x.png in Resources */,
				4CED216A164FAB56005A6E6B /* icon.png in Resources */,
				4CED216B164FAB56005A6E6B /* icon1.png in Resources */,
				4CED216C164FAB56005A6E6B /* icon1@2x.png in Resources */,
				4CED216D164FAB56005A6E6B /* icon2.png in Resources */,
				4CED216E164FAB56005A6E6B /* icon2@2x.png in Resources */,
				4CED216F164FAB56005A6E6B /* icon3.png in Resources */,
				4CED2170164FAB56005A6E6B /* icon3@2x.png in Resources */,
				4CED2171164FAB56005A6E6B /* icon@2x.png in Resources */,
				4CED2172164FAB56005A6E6B /* ingredients-list.png in Resources */,
				4CED2173164FAB56005A6E6B /* ingredients-list@2x.png in Resources */,
				4CED2174164FAB56005A6E6B /* input-text.png in Resources */,
				4CED2175164FAB56005A6E6B /* input-text@2x.png in Resources */,
				4CED2176164FAB56005A6E6B /* ipad-back.png in Resources */,
				4CED2177164FAB56005A6E6B /* ipad-back@2x.png in Resources */,
				4CED2178164FAB56005A6E6B /* ipad-BG.png in Resources */,
				4CED2179164FAB56005A6E6B /* ipad-BG@2x.png in Resources */,
				4CED217A164FAB56005A6E6B /* ipad-bullet.png in Resources */,
				4CED217B164FAB56005A6E6B /* ipad-bullet@2x.png in Resources */,
				4CED217C164FAB56005A6E6B /* ipad-dotted-pattern.png in Resources */,
				4CED217D164FAB56005A6E6B /* ipad-dotted-pattern@2x.png in Resources */,
				4CED217E164FAB56005A6E6B /* ipad-image-mask.png in Resources */,
				4CED217F164FAB56005A6E6B /* ipad-image-mask@2x.png in Resources */,
				4CED2180164FAB56005A6E6B /* ipad-main-window-bg.png in Resources */,
				4CED2181164FAB56005A6E6B /* ipad-main-window-bg@2x.png in Resources */,
				4CED2182164FAB56005A6E6B /* ipad-menu-count-selected.png in Resources */,
				4CED2183164FAB56005A6E6B /* ipad-menu-count-selected@2x.png in Resources */,
				4CED2184164FAB56005A6E6B /* ipad-menu-count.png in Resources */,
				4CED2185164FAB56005A6E6B /* ipad-menu-count@2x.png in Resources */,
				4CED2186164FAB56005A6E6B /* ipad-menu-item-selected.png in Resources */,
				4CED2187164FAB56005A6E6B /* ipad-menu-item-selected@2x.png in Resources */,
				4CED2188164FAB56005A6E6B /* ipad-menu-item.png in Resources */,
				4CED2189164FAB56005A6E6B /* ipad-menu-item@2x.png in Resources */,
				4CED218A164FAB56005A6E6B /* ipad-menubar-left.png in Resources */,
				4CED218B164FAB56005A6E6B /* ipad-menubar-left@2x.png in Resources */,
				4CED218C164FAB56005A6E6B /* ipad-menubar-right.png in Resources */,
				4CED218D164FAB56005A6E6B /* ipad-menubar-right@2x.png in Resources */,
				4CED218E164FAB56005A6E6B /* ipad-tabbar-left.png in Resources */,
				4CED218F164FAB56005A6E6B /* ipad-tabbar-left@2x.png in Resources */,
				4CED2190164FAB56005A6E6B /* ipad-tabbar-right.png in Resources */,
				4CED2191164FAB56005A6E6B /* ipad-tabbar-right@2x.png in Resources */,
				4CED2192164FAB56005A6E6B /* leather-background-568h@2x.png in Resources */,
				4CED2193164FAB56005A6E6B /* leather-background.png in Resources */,
				4CED2194164FAB56005A6E6B /* leather-background@2x.png in Resources */,
				4CED2195164FAB56005A6E6B /* list-item.png in Resources */,
				4CED2196164FAB56005A6E6B /* list-item@2x.png in Resources */,
				4CED2197164FAB56005A6E6B /* list-mask.png in Resources */,
				4CED2198164FAB56005A6E6B /* list-mask@2x.png in Resources */,
				4CED2199164FAB56005A6E6B /* navbar-icon.png in Resources */,
				4CED219A164FAB56005A6E6B /* navbar-icon@2x.png in Resources */,
				4CED219B164FAB56005A6E6B /* navbar.png in Resources */,
				4CED219C164FAB56005A6E6B /* navbar@2x.png in Resources */,
				4CED219D164FAB56005A6E6B /* settings.png in Resources */,
				4CED219E164FAB56005A6E6B /* settings@2x.png in Resources */,
				4CED219F164FAB56005A6E6B /* slider-cap.png in Resources */,
				4CED21A0164FAB56005A6E6B /* slider-cap@2x.png in Resources */,
				4CED21A1164FAB56005A6E6B /* slider-track-fill.png in Resources */,
				4CED21A2164FAB56005A6E6B /* slider-track-fill@2x.png in Resources */,
				4CED21A3164FAB56005A6E6B /* slider-track.png in Resources */,
				4CED21A4164FAB56005A6E6B /* slider-track@2x.png in Resources */,
				4CED21A5164FAB56005A6E6B /* step-bullet.png in Resources */,
				4CED21A6164FAB56005A6E6B /* step-bullet@2x.png in Resources */,
				4CED21A7164FAB56005A6E6B /* switch-off copy.png in Resources */,
				4CED21A8164FAB56005A6E6B /* switch-off@2x.png in Resources */,
				4CED21A9164FAB56005A6E6B /* switch-on copy.png in Resources */,
				4CED21AA164FAB56005A6E6B /* switch-on@2x.png in Resources */,
				4CED21AB164FAB56005A6E6B /* tabbar-item.png in Resources */,
				4CED21AC164FAB56005A6E6B /* tabbar-item@2x.png in Resources */,
				4CED21AD164FAB56005A6E6B /* tabbar.png in Resources */,
				4CED21AE164FAB56005A6E6B /* tabbar@2x.png in Resources */,
				4CED21AF164FAB56005A6E6B /* time.png in Resources */,
				4CED21B0164FAB56005A6E6B /* time@2x.png in Resources */,
				4CED21E2164FB896005A6E6B /* second@2x.png in Resources */,
				4CED21E3164FB896005A6E6B /* first@2x.png in Resources */,
			);
			runOnlyForDeploymentPostprocessing = 0;
		};
/* End PBXResourcesBuildPhase section */

/* Begin PBXSourcesBuildPhase section */
		4C1A4003164EE38200C2D2EF /* Sources */ = {
			isa = PBXSourcesBuildPhase;
			buildActionMask = 2147483647;
			files = (
				4C1A4018164EE38200C2D2EF /* main.m in Sources */,
				4C1A401C164EE38200C2D2EF /* AppDelegate.m in Sources */,
				4C97135C164EE4320095410A /* AFHTTPClient.m in Sources */,
				4C97135D164EE4320095410A /* AFHTTPRequestOperation.m in Sources */,
				4C97135E164EE4320095410A /* AFImageRequestOperation.m in Sources */,
				4C97135F164EE4320095410A /* AFJSONRequestOperation.m in Sources */,
				4C971360164EE4320095410A /* AFNetworkActivityIndicatorManager.m in Sources */,
				4C971361164EE4320095410A /* AFPropertyListRequestOperation.m in Sources */,
				4C971362164EE4320095410A /* AFURLConnectionOperation.m in Sources */,
				4C971363164EE4320095410A /* AFXMLRequestOperation.m in Sources */,
				4C971364164EE4320095410A /* UIImageView+AFNetworking.m in Sources */,
				4C3BB675164EE81400F35125 /* ListViewController.m in Sources */,
				4CAFC1CB164EF7F500714D90 /* DataProvider.m in Sources */,
				4CAFC1CF164F1F3500714D90 /* RestaurantViewController.m in Sources */,
				4CAFC1D9164F2F5C00714D90 /* AddressAnnotation.m in Sources */,
				4CED21B4164FAF47005A6E6B /* UIImage+iPhone5.m in Sources */,
			);
			runOnlyForDeploymentPostprocessing = 0;
		};
/* End PBXSourcesBuildPhase section */

/* Begin PBXVariantGroup section */
		4C1A4014164EE38200C2D2EF /* InfoPlist.strings */ = {
			isa = PBXVariantGroup;
			children = (
				4C1A4015164EE38200C2D2EF /* en */,
			);
			name = InfoPlist.strings;
			sourceTree = "<group>";
		};
/* End PBXVariantGroup section */

/* Begin XCBuildConfiguration section */
		4C1A4037164EE38200C2D2EF /* Debug */ = {
			isa = XCBuildConfiguration;
			buildSettings = {
				ALWAYS_SEARCH_USER_PATHS = NO;
				CLANG_CXX_LANGUAGE_STANDARD = "gnu++0x";
				CLANG_CXX_LIBRARY = "libc++";
				CLANG_ENABLE_OBJC_ARC = YES;
				CLANG_WARN_EMPTY_BODY = YES;
				CLANG_WARN__DUPLICATE_METHOD_MATCH = YES;
				CODE_SIGN_IDENTITY = "iPhone Developer";
				"CODE_SIGN_IDENTITY[sdk=iphoneos*]" = "iPhone Developer";
				COPY_PHASE_STRIP = NO;
				GCC_C_LANGUAGE_STANDARD = gnu99;
				GCC_DYNAMIC_NO_PIC = NO;
				GCC_OPTIMIZATION_LEVEL = 0;
				GCC_PREPROCESSOR_DEFINITIONS = (
					"DEBUG=1",
					"$(inherited)",
				);
				GCC_SYMBOLS_PRIVATE_EXTERN = NO;
				GCC_WARN_ABOUT_RETURN_TYPE = YES;
				GCC_WARN_UNINITIALIZED_AUTOS = YES;
				GCC_WARN_UNUSED_VARIABLE = YES;
				IPHONEOS_DEPLOYMENT_TARGET = 6.0;
				ONLY_ACTIVE_ARCH = YES;
				PROVISIONING_PROFILE = "";
				SDKROOT = iphoneos;
			};
			name = Debug;
		};
		4C1A4038164EE38200C2D2EF /* Release */ = {
			isa = XCBuildConfiguration;
			buildSettings = {
				ALWAYS_SEARCH_USER_PATHS = NO;
				CLANG_CXX_LANGUAGE_STANDARD = "gnu++0x";
				CLANG_CXX_LIBRARY = "libc++";
				CLANG_ENABLE_OBJC_ARC = YES;
				CLANG_WARN_EMPTY_BODY = YES;
				CLANG_WARN__DUPLICATE_METHOD_MATCH = YES;
				CODE_SIGN_IDENTITY = "iPhone Developer";
				"CODE_SIGN_IDENTITY[sdk=iphoneos*]" = "iPhone Developer";
				COPY_PHASE_STRIP = YES;
				GCC_C_LANGUAGE_STANDARD = gnu99;
				GCC_WARN_ABOUT_RETURN_TYPE = YES;
				GCC_WARN_UNINITIALIZED_AUTOS = YES;
				GCC_WARN_UNUSED_VARIABLE = YES;
				IPHONEOS_DEPLOYMENT_TARGET = 6.0;
				OTHER_CFLAGS = "-DNS_BLOCK_ASSERTIONS=1";
				PROVISIONING_PROFILE = "";
				SDKROOT = iphoneos;
				VALIDATE_PRODUCT = YES;
			};
			name = Release;
		};
		4C1A403A164EE38200C2D2EF /* Debug */ = {
			isa = XCBuildConfiguration;
			buildSettings = {
				CODE_SIGN_IDENTITY = "iPhone Developer";
				GCC_PRECOMPILE_PREFIX_HEADER = YES;
				GCC_PREFIX_HEADER = "Bestaurant/Bestaurant-Prefix.pch";
				INFOPLIST_FILE = "Bestaurant/Bestaurant-Info.plist";
				PRODUCT_NAME = "$(TARGET_NAME)";
				PROVISIONING_PROFILE = "";
				WRAPPER_EXTENSION = app;
			};
			name = Debug;
		};
		4C1A403B164EE38200C2D2EF /* Release */ = {
			isa = XCBuildConfiguration;
			buildSettings = {
				CODE_SIGN_IDENTITY = "iPhone Developer";
				GCC_PRECOMPILE_PREFIX_HEADER = YES;
				GCC_PREFIX_HEADER = "Bestaurant/Bestaurant-Prefix.pch";
				INFOPLIST_FILE = "Bestaurant/Bestaurant-Info.plist";
				PRODUCT_NAME = "$(TARGET_NAME)";
				PROVISIONING_PROFILE = "";
				WRAPPER_EXTENSION = app;
			};
			name = Release;
		};
/* End XCBuildConfiguration section */

/* Begin XCConfigurationList section */
		4C1A4001164EE38200C2D2EF /* Build configuration list for PBXProject "Bestaurant" */ = {
			isa = XCConfigurationList;
			buildConfigurations = (
				4C1A4037164EE38200C2D2EF /* Debug */,
				4C1A4038164EE38200C2D2EF /* Release */,
			);
			defaultConfigurationIsVisible = 0;
			defaultConfigurationName = Release;
		};
		4C1A4039164EE38200C2D2EF /* Build configuration list for PBXNativeTarget "Bestaurant" */ = {
			isa = XCConfigurationList;
			buildConfigurations = (
				4C1A403A164EE38200C2D2EF /* Debug */,
				4C1A403B164EE38200C2D2EF /* Release */,
			);
			defaultConfigurationIsVisible = 0;
			defaultConfigurationName = Release;
		};
/* End XCConfigurationList section */
	};
	rootObject = 4C1A3FFE164EE38200C2D2EF /* Project object */;
}
